
Microsoft Visual Studio Solution File, Format Version 12.00
# Visual Studio 15
VisualStudioVersion = 15.0.28307.539
MinimumVisualStudioVersion = 10.0.40219.1
Project("{8BC9CEB8-8B4A-11D0-8D11-00A0C91BC942}") = "ray_tracing_the_next_week", "ray_tracing_the_next_week\ray_tracing_the_next_week.vcxproj", "{5B5B8985-7CC9-496D-8617-EC19180E88E0}"
EndProject
Global
	GlobalSection(SolutionConfigurationPlatforms) = preSolution
		Debug|x64 = Debug|x64
		Debug|x86 = Debug|x86
		Release|x64 = Release|x64
		Release|x86 = Release|x86
	EndGlobalSection
	GlobalSection(ProjectConfigurationPlatforms) = postSolution
		{5B5B8985-7CC9-496D-8617-EC19180E88E0}.Debug|x64.ActiveCfg = Debug|x64
		{5B5B8985-7CC9-496D-8617-EC19180E88E0}.Debug|x64.Build.0 = Debug|x64
		{5B5B8985-7CC9-496D-8617-EC19180E88E0}.Debug|x86.ActiveCfg = Debug|Win32
		{5B5B8985-7CC9-496D-8617-EC19180E88E0}.Debug|x86.Build.0 = Debug|Win32
		{5B5B8985-7CC9-496D-8617-EC19180E88E0}.Release|x64.ActiveCfg = Release|x64
		{5B5B8985-7CC9-496D-8617-EC19180E88E0}.Release|x64.Build.0 = Release|x64
		{5B5B8985-7CC9-496D-8617-EC19180E88E0}.Release|x86.ActiveCfg = Release|Win32
		{5B5B8985-7CC9-496D-8617-EC19180E88E0}.Release|x86.Build.0 = Release|Win32
	EndGlobalSection
	GlobalSection(SolutionProperties) = preSolution
		HideSolutionNode = FALSE
	EndGlobalSection
	GlobalSection(ExtensibilityGlobals) = postSolution
		SolutionGuid = {5B33B9D6-47E1-40E0-B33F-730B36ABB9A6}
	EndGlobalSection
EndGlobal
